
Microsoft Visual Studio Solution File, Format Version 12.00
# Visual Studio Version 16
VisualStudioVersion = 16.0.29102.190
MinimumVisualStudioVersion = 15.0.26124.0
Project("{9A19103F-16F7-4668-BE54-9A1E7A4F7556}") = "Registrar.Api", "src\Services\Registrar\Registrar.Api\Registrar.Api.csproj", "{8FB48AAC-8FE3-4F9C-9C3E-192376DB8CF7}"
EndProject
Project("{9A19103F-16F7-4668-BE54-9A1E7A4F7556}") = "HeroAcademy.WebSpa", "src\WebApps\HeroAcademy.WebSpa\HeroAcademy.WebSpa.csproj", "{E975C5A3-6592-4E5E-9CCF-7AB54DF46B5B}"
EndProject
Project("{2150E333-8FDC-42A3-9474-1A3956D46DE8}") = "Web Apps", "Web Apps", "{A1DA11CC-E761-40A5-A818-82BDFB18AF73}"
EndProject
Project("{2150E333-8FDC-42A3-9474-1A3956D46DE8}") = "Services", "Services", "{2E4BA1E8-513D-4786-B814-E9E3D42FAB67}"
EndProject
Project("{2150E333-8FDC-42A3-9474-1A3956D46DE8}") = "Registrar", "Registrar", "{964BFA15-A56C-46E4-8B31-19F65400D904}"
EndProject
Project("{2150E333-8FDC-42A3-9474-1A3956D46DE8}") = "src", "src", "{9FD8D268-39A6-412F-83BC-5CE77F88C6BF}"
EndProject
Project("{2150E333-8FDC-42A3-9474-1A3956D46DE8}") = "Solution Items", "Solution Items", "{0966E979-D1CB-437E-9C64-D4CAB2027766}"
	ProjectSection(SolutionItems) = preProject
		.env = .env
		.gitignore = .gitignore
		README.md = README.md
	EndProjectSection
EndProject
Project("{9A19103F-16F7-4668-BE54-9A1E7A4F7556}") = "Registrar.UnitTests", "src\Services\Registrar\Registrar.UnitTests\Registrar.UnitTests.csproj", "{43B3D227-B11E-42AF-9A3E-0EC948254B6B}"
EndProject
Project("{9A19103F-16F7-4668-BE54-9A1E7A4F7556}") = "Registrar.FunctionalTests", "src\Services\Registrar\Registrar.FunctionalTests\Registrar.FunctionalTests.csproj", "{C206CE34-3C0E-408C-86AF-7D8EEFA400DA}"
EndProject
Project("{E53339B2-1760-4266-BCC7-CA923CBCF16C}") = "docker-compose", "docker-compose.dcproj", "{1C7D5200-5278-4DBB-B4E0-2DC77878FAFB}"
EndProject
Project("{2150E333-8FDC-42A3-9474-1A3956D46DE8}") = "data", "data", "{45949D36-AF24-4245-8E62-C0022DC88207}"
EndProject
Project("{2150E333-8FDC-42A3-9474-1A3956D46DE8}") = "nginx", "nginx", "{0232BB75-7CF1-40BB-966D-7A101CD14F23}"
	ProjectSection(SolutionItems) = preProject
		data\nginx\nginx.conf = data\nginx\nginx.conf
	EndProjectSection
EndProject
Project("{2150E333-8FDC-42A3-9474-1A3956D46DE8}") = "infrastructure", "infrastructure", "{A704F75B-4832-49DC-967B-5EACC6BE10B1}"
EndProject
Project("{2150E333-8FDC-42A3-9474-1A3956D46DE8}") = "certbot", "certbot", "{9B134275-70C0-4C7F-9719-1BB4BC1768CD}"
EndProject
Project("{2150E333-8FDC-42A3-9474-1A3956D46DE8}") = "conf", "conf", "{AA142223-82F7-4A12-8749-C327C921D255}"
EndProject
Project("{2150E333-8FDC-42A3-9474-1A3956D46DE8}") = "live", "live", "{602F5E11-2E8B-45E8-9337-EA945EBF6045}"
EndProject
Project("{2150E333-8FDC-42A3-9474-1A3956D46DE8}") = "app.hobbystacks.com", "app.hobbystacks.com", "{F40F077C-A3BF-4550-824D-6A2FBAC1F0A5}"
	ProjectSection(SolutionItems) = preProject
		data\certbot\conf\live\app.hobbystacks.com\fullchain.pem = data\certbot\conf\live\app.hobbystacks.com\fullchain.pem
		data\certbot\conf\live\app.hobbystacks.com\privkey.pem = data\certbot\conf\live\app.hobbystacks.com\privkey.pem
	EndProjectSection
EndProject
Project("{2150E333-8FDC-42A3-9474-1A3956D46DE8}") = "powershell", "powershell", "{4F0FB0E3-E171-467B-97EF-586B6CACC587}"
	ProjectSection(SolutionItems) = preProject
		infrastructure\powershell\exportIisDevCertificates.ps1 = infrastructure\powershell\exportIisDevCertificates.ps1
		infrastructure\powershell\provisionContainerRegistry.ps1 = infrastructure\powershell\provisionContainerRegistry.ps1
	EndProjectSection
EndProject
Global
	GlobalSection(SolutionConfigurationPlatforms) = preSolution
		Debug|Any CPU = Debug|Any CPU
		Debug|x64 = Debug|x64
		Debug|x86 = Debug|x86
		Release|Any CPU = Release|Any CPU
		Release|x64 = Release|x64
		Release|x86 = Release|x86
	EndGlobalSection
	GlobalSection(ProjectConfigurationPlatforms) = postSolution
		{8FB48AAC-8FE3-4F9C-9C3E-192376DB8CF7}.Debug|Any CPU.ActiveCfg = Debug|Any CPU
		{8FB48AAC-8FE3-4F9C-9C3E-192376DB8CF7}.Debug|Any CPU.Build.0 = Debug|Any CPU
		{8FB48AAC-8FE3-4F9C-9C3E-192376DB8CF7}.Debug|x64.ActiveCfg = Debug|Any CPU
		{8FB48AAC-8FE3-4F9C-9C3E-192376DB8CF7}.Debug|x64.Build.0 = Debug|Any CPU
		{8FB48AAC-8FE3-4F9C-9C3E-192376DB8CF7}.Debug|x86.ActiveCfg = Debug|Any CPU
		{8FB48AAC-8FE3-4F9C-9C3E-192376DB8CF7}.Debug|x86.Build.0 = Debug|Any CPU
		{8FB48AAC-8FE3-4F9C-9C3E-192376DB8CF7}.Release|Any CPU.ActiveCfg = Release|Any CPU
		{8FB48AAC-8FE3-4F9C-9C3E-192376DB8CF7}.Release|Any CPU.Build.0 = Release|Any CPU
		{8FB48AAC-8FE3-4F9C-9C3E-192376DB8CF7}.Release|x64.ActiveCfg = Release|Any CPU
		{8FB48AAC-8FE3-4F9C-9C3E-192376DB8CF7}.Release|x64.Build.0 = Release|Any CPU
		{8FB48AAC-8FE3-4F9C-9C3E-192376DB8CF7}.Release|x86.ActiveCfg = Release|Any CPU
		{8FB48AAC-8FE3-4F9C-9C3E-192376DB8CF7}.Release|x86.Build.0 = Release|Any CPU
		{E975C5A3-6592-4E5E-9CCF-7AB54DF46B5B}.Debug|Any CPU.ActiveCfg = Debug|Any CPU
		{E975C5A3-6592-4E5E-9CCF-7AB54DF46B5B}.Debug|Any CPU.Build.0 = Debug|Any CPU
		{E975C5A3-6592-4E5E-9CCF-7AB54DF46B5B}.Debug|x64.ActiveCfg = Debug|Any CPU
		{E975C5A3-6592-4E5E-9CCF-7AB54DF46B5B}.Debug|x64.Build.0 = Debug|Any CPU
		{E975C5A3-6592-4E5E-9CCF-7AB54DF46B5B}.Debug|x86.ActiveCfg = Debug|Any CPU
		{E975C5A3-6592-4E5E-9CCF-7AB54DF46B5B}.Debug|x86.Build.0 = Debug|Any CPU
		{E975C5A3-6592-4E5E-9CCF-7AB54DF46B5B}.Release|Any CPU.ActiveCfg = Release|Any CPU
		{E975C5A3-6592-4E5E-9CCF-7AB54DF46B5B}.Release|Any CPU.Build.0 = Release|Any CPU
		{E975C5A3-6592-4E5E-9CCF-7AB54DF46B5B}.Release|x64.ActiveCfg = Release|Any CPU
		{E975C5A3-6592-4E5E-9CCF-7AB54DF46B5B}.Release|x64.Build.0 = Release|Any CPU
		{E975C5A3-6592-4E5E-9CCF-7AB54DF46B5B}.Release|x86.ActiveCfg = Release|Any CPU
		{E975C5A3-6592-4E5E-9CCF-7AB54DF46B5B}.Release|x86.Build.0 = Release|Any CPU
		{43B3D227-B11E-42AF-9A3E-0EC948254B6B}.Debug|Any CPU.ActiveCfg = Debug|Any CPU
		{43B3D227-B11E-42AF-9A3E-0EC948254B6B}.Debug|Any CPU.Build.0 = Debug|Any CPU
		{43B3D227-B11E-42AF-9A3E-0EC948254B6B}.Debug|x64.ActiveCfg = Debug|Any CPU
		{43B3D227-B11E-42AF-9A3E-0EC948254B6B}.Debug|x64.Build.0 = Debug|Any CPU
		{43B3D227-B11E-42AF-9A3E-0EC948254B6B}.Debug|x86.ActiveCfg = Debug|Any CPU
		{43B3D227-B11E-42AF-9A3E-0EC948254B6B}.Debug|x86.Build.0 = Debug|Any CPU
		{43B3D227-B11E-42AF-9A3E-0EC948254B6B}.Release|Any CPU.ActiveCfg = Release|Any CPU
		{43B3D227-B11E-42AF-9A3E-0EC948254B6B}.Release|Any CPU.Build.0 = Release|Any CPU
		{43B3D227-B11E-42AF-9A3E-0EC948254B6B}.Release|x64.ActiveCfg = Release|Any CPU
		{43B3D227-B11E-42AF-9A3E-0EC948254B6B}.Release|x64.Build.0 = Release|Any CPU
		{43B3D227-B11E-42AF-9A3E-0EC948254B6B}.Release|x86.ActiveCfg = Release|Any CPU
		{43B3D227-B11E-42AF-9A3E-0EC948254B6B}.Release|x86.Build.0 = Release|Any CPU
		{C206CE34-3C0E-408C-86AF-7D8EEFA400DA}.Debug|Any CPU.ActiveCfg = Debug|Any CPU
		{C206CE34-3C0E-408C-86AF-7D8EEFA400DA}.Debug|Any CPU.Build.0 = Debug|Any CPU
		{C206CE34-3C0E-408C-86AF-7D8EEFA400DA}.Debug|x64.ActiveCfg = Debug|Any CPU
		{C206CE34-3C0E-408C-86AF-7D8EEFA400DA}.Debug|x64.Build.0 = Debug|Any CPU
		{C206CE34-3C0E-408C-86AF-7D8EEFA400DA}.Debug|x86.ActiveCfg = Debug|Any CPU
		{C206CE34-3C0E-408C-86AF-7D8EEFA400DA}.Debug|x86.Build.0 = Debug|Any CPU
		{C206CE34-3C0E-408C-86AF-7D8EEFA400DA}.Release|Any CPU.ActiveCfg = Release|Any CPU
		{C206CE34-3C0E-408C-86AF-7D8EEFA400DA}.Release|Any CPU.Build.0 = Release|Any CPU
		{C206CE34-3C0E-408C-86AF-7D8EEFA400DA}.Release|x64.ActiveCfg = Release|Any CPU
		{C206CE34-3C0E-408C-86AF-7D8EEFA400DA}.Release|x64.Build.0 = Release|Any CPU
		{C206CE34-3C0E-408C-86AF-7D8EEFA400DA}.Release|x86.ActiveCfg = Release|Any CPU
		{C206CE34-3C0E-408C-86AF-7D8EEFA400DA}.Release|x86.Build.0 = Release|Any CPU
		{1C7D5200-5278-4DBB-B4E0-2DC77878FAFB}.Debug|Any CPU.ActiveCfg = Debug|Any CPU
		{1C7D5200-5278-4DBB-B4E0-2DC77878FAFB}.Debug|Any CPU.Build.0 = Debug|Any CPU
		{1C7D5200-5278-4DBB-B4E0-2DC77878FAFB}.Debug|x64.ActiveCfg = Debug|Any CPU
		{1C7D5200-5278-4DBB-B4E0-2DC77878FAFB}.Debug|x64.Build.0 = Debug|Any CPU
		{1C7D5200-5278-4DBB-B4E0-2DC77878FAFB}.Debug|x86.ActiveCfg = Debug|Any CPU
		{1C7D5200-5278-4DBB-B4E0-2DC77878FAFB}.Debug|x86.Build.0 = Debug|Any CPU
		{1C7D5200-5278-4DBB-B4E0-2DC77878FAFB}.Release|Any CPU.ActiveCfg = Release|Any CPU
		{1C7D5200-5278-4DBB-B4E0-2DC77878FAFB}.Release|Any CPU.Build.0 = Release|Any CPU
		{1C7D5200-5278-4DBB-B4E0-2DC77878FAFB}.Release|x64.ActiveCfg = Release|Any CPU
		{1C7D5200-5278-4DBB-B4E0-2DC77878FAFB}.Release|x64.Build.0 = Release|Any CPU
		{1C7D5200-5278-4DBB-B4E0-2DC77878FAFB}.Release|x86.ActiveCfg = Release|Any CPU
		{1C7D5200-5278-4DBB-B4E0-2DC77878FAFB}.Release|x86.Build.0 = Release|Any CPU
	EndGlobalSection
	GlobalSection(SolutionProperties) = preSolution
		HideSolutionNode = FALSE
	EndGlobalSection
	GlobalSection(NestedProjects) = preSolution
		{8FB48AAC-8FE3-4F9C-9C3E-192376DB8CF7} = {964BFA15-A56C-46E4-8B31-19F65400D904}
		{E975C5A3-6592-4E5E-9CCF-7AB54DF46B5B} = {A1DA11CC-E761-40A5-A818-82BDFB18AF73}
		{A1DA11CC-E761-40A5-A818-82BDFB18AF73} = {9FD8D268-39A6-412F-83BC-5CE77F88C6BF}
		{2E4BA1E8-513D-4786-B814-E9E3D42FAB67} = {9FD8D268-39A6-412F-83BC-5CE77F88C6BF}
		{964BFA15-A56C-46E4-8B31-19F65400D904} = {2E4BA1E8-513D-4786-B814-E9E3D42FAB67}
		{43B3D227-B11E-42AF-9A3E-0EC948254B6B} = {964BFA15-A56C-46E4-8B31-19F65400D904}
		{C206CE34-3C0E-408C-86AF-7D8EEFA400DA} = {964BFA15-A56C-46E4-8B31-19F65400D904}
		{45949D36-AF24-4245-8E62-C0022DC88207} = {0966E979-D1CB-437E-9C64-D4CAB2027766}
		{0232BB75-7CF1-40BB-966D-7A101CD14F23} = {45949D36-AF24-4245-8E62-C0022DC88207}
		{A704F75B-4832-49DC-967B-5EACC6BE10B1} = {0966E979-D1CB-437E-9C64-D4CAB2027766}
		{9B134275-70C0-4C7F-9719-1BB4BC1768CD} = {45949D36-AF24-4245-8E62-C0022DC88207}
		{AA142223-82F7-4A12-8749-C327C921D255} = {9B134275-70C0-4C7F-9719-1BB4BC1768CD}
		{602F5E11-2E8B-45E8-9337-EA945EBF6045} = {AA142223-82F7-4A12-8749-C327C921D255}
		{F40F077C-A3BF-4550-824D-6A2FBAC1F0A5} = {602F5E11-2E8B-45E8-9337-EA945EBF6045}
		{4F0FB0E3-E171-467B-97EF-586B6CACC587} = {A704F75B-4832-49DC-967B-5EACC6BE10B1}
	EndGlobalSection
	GlobalSection(ExtensibilityGlobals) = postSolution
		SolutionGuid = {846E696F-A993-4F04-9800-5B5B2C111670}
	EndGlobalSection
EndGlobal
